
Microsoft Visual Studio Solution File, Format Version 12.00
# Visual Studio Version 17
VisualStudioVersion = 17.0.31903.59
MinimumVisualStudioVersion = 10.0.40219.1
Project("{FAE04EC0-301F-11D3-BF4B-00C04F79EFBC}") = "nuke-cop", "nuke-cop\nuke-cop.csproj", "{9EE486AE-FCD4-49EB-B4BF-8640108EB7BC}"
EndProject
Project("{9A19103F-16F7-4668-BE54-9A1E7A4F7556}") = "_build", "build\_build.csproj", "{B0DBC4D1-BBFA-45B5-93D0-EF64FFCBD67A}"
EndProject
Global
	GlobalSection(SolutionConfigurationPlatforms) = preSolution
		Debug|Any CPU = Debug|Any CPU
		Debug|x64 = Debug|x64
		Debug|x86 = Debug|x86
		Release|Any CPU = Release|Any CPU
		Release|x64 = Release|x64
		Release|x86 = Release|x86
	EndGlobalSection
	GlobalSection(ProjectConfigurationPlatforms) = postSolution
		{9EE486AE-FCD4-49EB-B4BF-8640108EB7BC}.Debug|Any CPU.ActiveCfg = Debug|Any CPU
		{9EE486AE-FCD4-49EB-B4BF-8640108EB7BC}.Debug|Any CPU.Build.0 = Debug|Any CPU
		{9EE486AE-FCD4-49EB-B4BF-8640108EB7BC}.Debug|x64.ActiveCfg = Debug|Any CPU
		{9EE486AE-FCD4-49EB-B4BF-8640108EB7BC}.Debug|x64.Build.0 = Debug|Any CPU
		{9EE486AE-FCD4-49EB-B4BF-8640108EB7BC}.Debug|x86.ActiveCfg = Debug|Any CPU
		{9EE486AE-FCD4-49EB-B4BF-8640108EB7BC}.Debug|x86.Build.0 = Debug|Any CPU
		{9EE486AE-FCD4-49EB-B4BF-8640108EB7BC}.Release|Any CPU.ActiveCfg = Release|Any CPU
		{9EE486AE-FCD4-49EB-B4BF-8640108EB7BC}.Release|Any CPU.Build.0 = Release|Any CPU
		{9EE486AE-FCD4-49EB-B4BF-8640108EB7BC}.Release|x64.ActiveCfg = Release|Any CPU
		{9EE486AE-FCD4-49EB-B4BF-8640108EB7BC}.Release|x64.Build.0 = Release|Any CPU
		{9EE486AE-FCD4-49EB-B4BF-8640108EB7BC}.Release|x86.ActiveCfg = Release|Any CPU
		{9EE486AE-FCD4-49EB-B4BF-8640108EB7BC}.Release|x86.Build.0 = Release|Any CPU
		{B0DBC4D1-BBFA-45B5-93D0-EF64FFCBD67A}.Debug|Any CPU.ActiveCfg = Debug|Any CPU
		{B0DBC4D1-BBFA-45B5-93D0-EF64FFCBD67A}.Debug|x64.ActiveCfg = Debug|Any CPU
		{B0DBC4D1-BBFA-45B5-93D0-EF64FFCBD67A}.Debug|x64.Build.0 = Debug|Any CPU
		{B0DBC4D1-BBFA-45B5-93D0-EF64FFCBD67A}.Debug|x86.ActiveCfg = Debug|Any CPU
		{B0DBC4D1-BBFA-45B5-93D0-EF64FFCBD67A}.Debug|x86.Build.0 = Debug|Any CPU
		{B0DBC4D1-BBFA-45B5-93D0-EF64FFCBD67A}.Release|Any CPU.ActiveCfg = Release|Any CPU
		{B0DBC4D1-BBFA-45B5-93D0-EF64FFCBD67A}.Release|x64.ActiveCfg = Release|Any CPU
		{B0DBC4D1-BBFA-45B5-93D0-EF64FFCBD67A}.Release|x64.Build.0 = Release|Any CPU
		{B0DBC4D1-BBFA-45B5-93D0-EF64FFCBD67A}.Release|x86.ActiveCfg = Release|Any CPU
		{B0DBC4D1-BBFA-45B5-93D0-EF64FFCBD67A}.Release|x86.Build.0 = Release|Any CPU
	EndGlobalSection
	GlobalSection(SolutionProperties) = preSolution
		HideSolutionNode = FALSE
	EndGlobalSection
	GlobalSection(ExtensibilityGlobals) = postSolution
		SolutionGuid = {05E59979-14C4-4CA9-AB9A-7FDE0A721EAA}
	EndGlobalSection
EndGlobal
